// !$*UTF8*$!
{
	archiveVersion = 1;
	classes = {
	};
	objectVersion = 46;
	objects = {

/* Begin PBXBuildFile section */
		C7052E091A1D3EB20059C9A6 /* Foundation.framework in Frameworks */ = {isa = PBXBuildFile; fileRef = C7052E081A1D3EB20059C9A6 /* Foundation.framework */; };
		C7052E0B1A1D3EB20059C9A6 /* CoreGraphics.framework in Frameworks */ = {isa = PBXBuildFile; fileRef = C7052E0A1A1D3EB20059C9A6 /* CoreGraphics.framework */; };
		C7052E0D1A1D3EB20059C9A6 /* UIKit.framework in Frameworks */ = {isa = PBXBuildFile; fileRef = C7052E0C1A1D3EB20059C9A6 /* UIKit.framework */; };
		C7052E0F1A1D3EB20059C9A6 /* CoreData.framework in Frameworks */ = {isa = PBXBuildFile; fileRef = C7052E0E1A1D3EB20059C9A6 /* CoreData.framework */; };
		C7052E151A1D3EB20059C9A6 /* InfoPlist.strings in Resources */ = {isa = PBXBuildFile; fileRef = C7052E131A1D3EB20059C9A6 /* InfoPlist.strings */; };
		C7052E171A1D3EB20059C9A6 /* main.m in Sources */ = {isa = PBXBuildFile; fileRef = C7052E161A1D3EB20059C9A6 /* main.m */; };
		C7052E1B1A1D3EB20059C9A6 /* RWAppDelegate.m in Sources */ = {isa = PBXBuildFile; fileRef = C7052E1A1A1D3EB20059C9A6 /* RWAppDelegate.m */; };
		C7052E1E1A1D3EB20059C9A6 /* CoredataSortingPhotos.xcdatamodeld in Sources */ = {isa = PBXBuildFile; fileRef = C7052E1C1A1D3EB20059C9A6 /* CoredataSortingPhotos.xcdatamodeld */; };
		C7052E201A1D3EB20059C9A6 /* Images.xcassets in Resources */ = {isa = PBXBuildFile; fileRef = C7052E1F1A1D3EB20059C9A6 /* Images.xcassets */; };
		C7052E271A1D3EB20059C9A6 /* XCTest.framework in Frameworks */ = {isa = PBXBuildFile; fileRef = C7052E261A1D3EB20059C9A6 /* XCTest.framework */; };
		C7052E281A1D3EB20059C9A6 /* Foundation.framework in Frameworks */ = {isa = PBXBuildFile; fileRef = C7052E081A1D3EB20059C9A6 /* Foundation.framework */; };
		C7052E291A1D3EB20059C9A6 /* UIKit.framework in Frameworks */ = {isa = PBXBuildFile; fileRef = C7052E0C1A1D3EB20059C9A6 /* UIKit.framework */; };
		C7052E2A1A1D3EB20059C9A6 /* CoreData.framework in Frameworks */ = {isa = PBXBuildFile; fileRef = C7052E0E1A1D3EB20059C9A6 /* CoreData.framework */; };
		C7052E321A1D3EB20059C9A6 /* InfoPlist.strings in Resources */ = {isa = PBXBuildFile; fileRef = C7052E301A1D3EB20059C9A6 /* InfoPlist.strings */; };
		C7052E341A1D3EB20059C9A6 /* CoredataSortingPhotosTests.m in Sources */ = {isa = PBXBuildFile; fileRef = C7052E331A1D3EB20059C9A6 /* CoredataSortingPhotosTests.m */; };
		C7052E3E1A1D40300059C9A6 /* Storyboard.storyboard in Resources */ = {isa = PBXBuildFile; fileRef = C7052E3D1A1D40300059C9A6 /* Storyboard.storyboard */; };
		C7052E411A1D4DA00059C9A6 /* AlbumTableViewController.m in Sources */ = {isa = PBXBuildFile; fileRef = C7052E401A1D4DA00059C9A6 /* AlbumTableViewController.m */; };
		C715A4291A30E6A200BA6C44 /* RWFiltersCollectionViewController.m in Sources */ = {isa = PBXBuildFile; fileRef = C715A4281A30E6A200BA6C44 /* RWFiltersCollectionViewController.m */; };
		C78948B41A2D117100F84BC4 /* RWPhotoViewController.m in Sources */ = {isa = PBXBuildFile; fileRef = C78948B31A2D117100F84BC4 /* RWPhotoViewController.m */; };
		C7A983311A1E7D2600FE4334 /* CoredataHelper.m in Sources */ = {isa = PBXBuildFile; fileRef = C7A983301A1E7D2500FE4334 /* CoredataHelper.m */; };
		C7A983341A1E80C700FE4334 /* MyCollectionViewController.m in Sources */ = {isa = PBXBuildFile; fileRef = C7A983331A1E80C700FE4334 /* MyCollectionViewController.m */; };
		C7A983391A1E8FAD00FE4334 /* Astronaut.jpg in Resources */ = {isa = PBXBuildFile; fileRef = C7A983381A1E8FAD00FE4334 /* Astronaut.jpg */; };
		C7A9833C1A1EE0BB00FE4334 /* RWPhotoCollectionViewCell.m in Sources */ = {isa = PBXBuildFile; fileRef = C7A9833B1A1EE0BB00FE4334 /* RWPhotoCollectionViewCell.m */; };
		C7BFA3821A2BCBAF003871F2 /* Album.m in Sources */ = {isa = PBXBuildFile; fileRef = C7BFA3811A2BCBAF003871F2 /* Album.m */; };
		C7BFA3851A2BCBAF003871F2 /* Photo.m in Sources */ = {isa = PBXBuildFile; fileRef = C7BFA3841A2BCBAF003871F2 /* Photo.m */; };
		C7BFA3891A2BD56A003871F2 /* PictureDataTransformer.m in Sources */ = {isa = PBXBuildFile; fileRef = C7BFA3881A2BD56A003871F2 /* PictureDataTransformer.m */; };
		C7DB7F011A1EF51200869922 /* Jamaica.jpg in Resources */ = {isa = PBXBuildFile; fileRef = C7DB7F001A1EF51200869922 /* Jamaica.jpg */; };
/* End PBXBuildFile section */

/* Begin PBXContainerItemProxy section */
		C7052E2B1A1D3EB20059C9A6 /* PBXContainerItemProxy */ = {
			isa = PBXContainerItemProxy;
			containerPortal = C7052DFD1A1D3EB20059C9A6 /* Project object */;
			proxyType = 1;
			remoteGlobalIDString = C7052E041A1D3EB20059C9A6;
			remoteInfo = CoredataSortingPhotos;
		};
/* End PBXContainerItemProxy section */

/* Begin PBXFileReference section */
		C7052E051A1D3EB20059C9A6 /* CoredataSortingPhotos.app */ = {isa = PBXFileReference; explicitFileType = wrapper.application; includeInIndex = 0; path = CoredataSortingPhotos.app; sourceTree = BUILT_PRODUCTS_DIR; };
		C7052E081A1D3EB20059C9A6 /* Foundation.framework */ = {isa = PBXFileReference; lastKnownFileType = wrapper.framework; name = Foundation.framework; path = System/Library/Frameworks/Foundation.framework; sourceTree = SDKROOT; };
		C7052E0A1A1D3EB20059C9A6 /* CoreGraphics.framework */ = {isa = PBXFileReference; lastKnownFileType = wrapper.framework; name = CoreGraphics.framework; path = System/Library/Frameworks/CoreGraphics.framework; sourceTree = SDKROOT; };
		C7052E0C1A1D3EB20059C9A6 /* UIKit.framework */ = {isa = PBXFileReference; lastKnownFileType = wrapper.framework; name = UIKit.framework; path = System/Library/Frameworks/UIKit.framework; sourceTree = SDKROOT; };
		C7052E0E1A1D3EB20059C9A6 /* CoreData.framework */ = {isa = PBXFileReference; lastKnownFileType = wrapper.framework; name = CoreData.framework; path = System/Library/Frameworks/CoreData.framework; sourceTree = SDKROOT; };
		C7052E121A1D3EB20059C9A6 /* CoredataSortingPhotos-Info.plist */ = {isa = PBXFileReference; lastKnownFileType = text.plist.xml; path = "CoredataSortingPhotos-Info.plist"; sourceTree = "<group>"; };
		C7052E141A1D3EB20059C9A6 /* en */ = {isa = PBXFileReference; lastKnownFileType = text.plist.strings; name = en; path = en.lproj/InfoPlist.strings; sourceTree = "<group>"; };
		C7052E161A1D3EB20059C9A6 /* main.m */ = {isa = PBXFileReference; lastKnownFileType = sourcecode.c.objc; path = main.m; sourceTree = "<group>"; };
		C7052E181A1D3EB20059C9A6 /* CoredataSortingPhotos-Prefix.pch */ = {isa = PBXFileReference; lastKnownFileType = sourcecode.c.h; path = "CoredataSortingPhotos-Prefix.pch"; sourceTree = "<group>"; };
		C7052E191A1D3EB20059C9A6 /* RWAppDelegate.h */ = {isa = PBXFileReference; lastKnownFileType = sourcecode.c.h; path = RWAppDelegate.h; sourceTree = "<group>"; };
		C7052E1A1A1D3EB20059C9A6 /* RWAppDelegate.m */ = {isa = PBXFileReference; lastKnownFileType = sourcecode.c.objc; path = RWAppDelegate.m; sourceTree = "<group>"; };
		C7052E1D1A1D3EB20059C9A6 /* CoredataSortingPhotos.xcdatamodel */ = {isa = PBXFileReference; lastKnownFileType = wrapper.xcdatamodel; path = CoredataSortingPhotos.xcdatamodel; sourceTree = "<group>"; };
		C7052E1F1A1D3EB20059C9A6 /* Images.xcassets */ = {isa = PBXFileReference; lastKnownFileType = folder.assetcatalog; path = Images.xcassets; sourceTree = "<group>"; };
		C7052E251A1D3EB20059C9A6 /* CoredataSortingPhotosTests.xctest */ = {isa = PBXFileReference; explicitFileType = wrapper.cfbundle; includeInIndex = 0; path = CoredataSortingPhotosTests.xctest; sourceTree = BUILT_PRODUCTS_DIR; };
		C7052E261A1D3EB20059C9A6 /* XCTest.framework */ = {isa = PBXFileReference; lastKnownFileType = wrapper.framework; name = XCTest.framework; path = Library/Frameworks/XCTest.framework; sourceTree = DEVELOPER_DIR; };
		C7052E2F1A1D3EB20059C9A6 /* CoredataSortingPhotosTests-Info.plist */ = {isa = PBXFileReference; lastKnownFileType = text.plist.xml; path = "CoredataSortingPhotosTests-Info.plist"; sourceTree = "<group>"; };
		C7052E311A1D3EB20059C9A6 /* en */ = {isa = PBXFileReference; lastKnownFileType = text.plist.strings; name = en; path = en.lproj/InfoPlist.strings; sourceTree = "<group>"; };
		C7052E331A1D3EB20059C9A6 /* CoredataSortingPhotosTests.m */ = {isa = PBXFileReference; lastKnownFileType = sourcecode.c.objc; path = CoredataSortingPhotosTests.m; sourceTree = "<group>"; };
		C7052E3D1A1D40300059C9A6 /* Storyboard.storyboard */ = {isa = PBXFileReference; fileEncoding = 4; lastKnownFileType = file.storyboard; name = Storyboard.storyboard; path = ../Storyboard.storyboard; sourceTree = "<group>"; };
		C7052E3F1A1D4DA00059C9A6 /* AlbumTableViewController.h */ = {isa = PBXFileReference; fileEncoding = 4; lastKnownFileType = sourcecode.c.h; path = AlbumTableViewController.h; sourceTree = "<group>"; };
		C7052E401A1D4DA00059C9A6 /* AlbumTableViewController.m */ = {isa = PBXFileReference; fileEncoding = 4; lastKnownFileType = sourcecode.c.objc; path = AlbumTableViewController.m; sourceTree = "<group>"; };
		C715A4271A30E6A200BA6C44 /* RWFiltersCollectionViewController.h */ = {isa = PBXFileReference; fileEncoding = 4; lastKnownFileType = sourcecode.c.h; path = RWFiltersCollectionViewController.h; sourceTree = "<group>"; };
		C715A4281A30E6A200BA6C44 /* RWFiltersCollectionViewController.m */ = {isa = PBXFileReference; fileEncoding = 4; lastKnownFileType = sourcecode.c.objc; path = RWFiltersCollectionViewController.m; sourceTree = "<group>"; };
		C78948B21A2D117100F84BC4 /* RWPhotoViewController.h */ = {isa = PBXFileReference; fileEncoding = 4; lastKnownFileType = sourcecode.c.h; name = RWPhotoViewController.h; path = ../RWPhotoViewController.h; sourceTree = "<group>"; };
		C78948B31A2D117100F84BC4 /* RWPhotoViewController.m */ = {isa = PBXFileReference; fileEncoding = 4; lastKnownFileType = sourcecode.c.objc; name = RWPhotoViewController.m; path = ../RWPhotoViewController.m; sourceTree = "<group>"; };
		C7A9832F1A1E7D2500FE4334 /* CoredataHelper.h */ = {isa = PBXFileReference; fileEncoding = 4; lastKnownFileType = sourcecode.c.h; path = CoredataHelper.h; sourceTree = "<group>"; };
		C7A983301A1E7D2500FE4334 /* CoredataHelper.m */ = {isa = PBXFileReference; fileEncoding = 4; lastKnownFileType = sourcecode.c.objc; path = CoredataHelper.m; sourceTree = "<group>"; };
		C7A983321A1E80C700FE4334 /* MyCollectionViewController.h */ = {isa = PBXFileReference; fileEncoding = 4; lastKnownFileType = sourcecode.c.h; path = MyCollectionViewController.h; sourceTree = "<group>"; };
		C7A983331A1E80C700FE4334 /* MyCollectionViewController.m */ = {isa = PBXFileReference; fileEncoding = 4; lastKnownFileType = sourcecode.c.objc; path = MyCollectionViewController.m; sourceTree = "<group>"; };
		C7A983381A1E8FAD00FE4334 /* Astronaut.jpg */ = {isa = PBXFileReference; lastKnownFileType = image.jpeg; name = Astronaut.jpg; path = ../../../Astronaut.jpg; sourceTree = "<group>"; };
		C7A9833A1A1EE0BB00FE4334 /* RWPhotoCollectionViewCell.h */ = {isa = PBXFileReference; fileEncoding = 4; lastKnownFileType = sourcecode.c.h; path = RWPhotoCollectionViewCell.h; sourceTree = "<group>"; };
		C7A9833B1A1EE0BB00FE4334 /* RWPhotoCollectionViewCell.m */ = {isa = PBXFileReference; fileEncoding = 4; lastKnownFileType = sourcecode.c.objc; path = RWPhotoCollectionViewCell.m; sourceTree = "<group>"; };
		C7BFA3801A2BCBAF003871F2 /* Album.h */ = {isa = PBXFileReference; fileEncoding = 4; lastKnownFileType = sourcecode.c.h; name = Album.h; path = ../Album.h; sourceTree = "<group>"; };
		C7BFA3811A2BCBAF003871F2 /* Album.m */ = {isa = PBXFileReference; fileEncoding = 4; lastKnownFileType = sourcecode.c.objc; name = Album.m; path = ../Album.m; sourceTree = "<group>"; };
		C7BFA3831A2BCBAF003871F2 /* Photo.h */ = {isa = PBXFileReference; fileEncoding = 4; lastKnownFileType = sourcecode.c.h; name = Photo.h; path = ../Photo.h; sourceTree = "<group>"; };
		C7BFA3841A2BCBAF003871F2 /* Photo.m */ = {isa = PBXFileReference; fileEncoding = 4; lastKnownFileType = sourcecode.c.objc; name = Photo.m; path = ../Photo.m; sourceTree = "<group>"; };
		C7BFA3871A2BD56A003871F2 /* PictureDataTransformer.h */ = {isa = PBXFileReference; fileEncoding = 4; lastKnownFileType = sourcecode.c.h; name = PictureDataTransformer.h; path = ../PictureDataTransformer.h; sourceTree = "<group>"; };
		C7BFA3881A2BD56A003871F2 /* PictureDataTransformer.m */ = {isa = PBXFileReference; fileEncoding = 4; lastKnownFileType = sourcecode.c.objc; name = PictureDataTransformer.m; path = ../PictureDataTransformer.m; sourceTree = "<group>"; };
		C7DB7F001A1EF51200869922 /* Jamaica.jpg */ = {isa = PBXFileReference; lastKnownFileType = image.jpeg; path = Jamaica.jpg; sourceTree = "<group>"; };
/* End PBXFileReference section */

/* Begin PBXFrameworksBuildPhase section */
		C7052E021A1D3EB20059C9A6 /* Frameworks */ = {
			isa = PBXFrameworksBuildPhase;
			buildActionMask = 2147483647;
			files = (
				C7052E0B1A1D3EB20059C9A6 /* CoreGraphics.framework in Frameworks */,
				C7052E0F1A1D3EB20059C9A6 /* CoreData.framework in Frameworks */,
				C7052E0D1A1D3EB20059C9A6 /* UIKit.framework in Frameworks */,
				C7052E091A1D3EB20059C9A6 /* Foundation.framework in Frameworks */,
			);
			runOnlyForDeploymentPostprocessing = 0;
		};
		C7052E221A1D3EB20059C9A6 /* Frameworks */ = {
			isa = PBXFrameworksBuildPhase;
			buildActionMask = 2147483647;
			files = (
				C7052E271A1D3EB20059C9A6 /* XCTest.framework in Frameworks */,
				C7052E2A1A1D3EB20059C9A6 /* CoreData.framework in Frameworks */,
				C7052E291A1D3EB20059C9A6 /* UIKit.framework in Frameworks */,
				C7052E281A1D3EB20059C9A6 /* Foundation.framework in Frameworks */,
			);
			runOnlyForDeploymentPostprocessing = 0;
		};
/* End PBXFrameworksBuildPhase section */

/* Begin PBXGroup section */
		C7052DFC1A1D3EB20059C9A6 = {
			isa = PBXGroup;
			children = (
				C7052E101A1D3EB20059C9A6 /* CoredataSortingPhotos */,
				C7052E2D1A1D3EB20059C9A6 /* CoredataSortingPhotosTests */,
				C7052E071A1D3EB20059C9A6 /* Frameworks */,
				C7052E061A1D3EB20059C9A6 /* Products */,
			);
			sourceTree = "<group>";
		};
		C7052E061A1D3EB20059C9A6 /* Products */ = {
			isa = PBXGroup;
			children = (
				C7052E051A1D3EB20059C9A6 /* CoredataSortingPhotos.app */,
				C7052E251A1D3EB20059C9A6 /* CoredataSortingPhotosTests.xctest */,
			);
			name = Products;
			sourceTree = "<group>";
		};
		C7052E071A1D3EB20059C9A6 /* Frameworks */ = {
			isa = PBXGroup;
			children = (
				C7052E081A1D3EB20059C9A6 /* Foundation.framework */,
				C7052E0A1A1D3EB20059C9A6 /* CoreGraphics.framework */,
				C7052E0C1A1D3EB20059C9A6 /* UIKit.framework */,
				C7052E0E1A1D3EB20059C9A6 /* CoreData.framework */,
				C7052E261A1D3EB20059C9A6 /* XCTest.framework */,
			);
			name = Frameworks;
			sourceTree = "<group>";
		};
		C7052E101A1D3EB20059C9A6 /* CoredataSortingPhotos */ = {
			isa = PBXGroup;
			children = (
				C7052E3D1A1D40300059C9A6 /* Storyboard.storyboard */,
				C715A4271A30E6A200BA6C44 /* RWFiltersCollectionViewController.h */,
				C715A4281A30E6A200BA6C44 /* RWFiltersCollectionViewController.m */,
				C78948B21A2D117100F84BC4 /* RWPhotoViewController.h */,
				C78948B31A2D117100F84BC4 /* RWPhotoViewController.m */,
				C7A9833A1A1EE0BB00FE4334 /* RWPhotoCollectionViewCell.h */,
				C7A9833B1A1EE0BB00FE4334 /* RWPhotoCollectionViewCell.m */,
				C798BC7F1A32161900532082 /* CollectionView */,
				C7052E3F1A1D4DA00059C9A6 /* AlbumTableViewController.h */,
				C7052E401A1D4DA00059C9A6 /* AlbumTableViewController.m */,
				C798BC7E1A3215C300532082 /* Coredata */,
				C7052E1F1A1D3EB20059C9A6 /* Images.xcassets */,
				C7052E1C1A1D3EB20059C9A6 /* CoredataSortingPhotos.xcdatamodeld */,
				C7BFA3861A2BCC6C003871F2 /* CoreData */,
				C7052E111A1D3EB20059C9A6 /* Supporting Files */,
			);
			path = CoredataSortingPhotos;
			sourceTree = "<group>";
		};
		C7052E111A1D3EB20059C9A6 /* Supporting Files */ = {
			isa = PBXGroup;
			children = (
				C7A983381A1E8FAD00FE4334 /* Astronaut.jpg */,
				C7052E191A1D3EB20059C9A6 /* RWAppDelegate.h */,
				C7DB7F001A1EF51200869922 /* Jamaica.jpg */,
				C7052E1A1A1D3EB20059C9A6 /* RWAppDelegate.m */,
				C7052E121A1D3EB20059C9A6 /* CoredataSortingPhotos-Info.plist */,
				C7052E131A1D3EB20059C9A6 /* InfoPlist.strings */,
				C7052E161A1D3EB20059C9A6 /* main.m */,
				C7052E181A1D3EB20059C9A6 /* CoredataSortingPhotos-Prefix.pch */,
			);
			name = "Supporting Files";
			sourceTree = "<group>";
		};
		C7052E2D1A1D3EB20059C9A6 /* CoredataSortingPhotosTests */ = {
			isa = PBXGroup;
			children = (
				C7052E331A1D3EB20059C9A6 /* CoredataSortingPhotosTests.m */,
				C7052E2E1A1D3EB20059C9A6 /* Supporting Files */,
			);
			path = CoredataSortingPhotosTests;
			sourceTree = "<group>";
		};
		C7052E2E1A1D3EB20059C9A6 /* Supporting Files */ = {
			isa = PBXGroup;
			children = (
				C7052E2F1A1D3EB20059C9A6 /* CoredataSortingPhotosTests-Info.plist */,
				C7052E301A1D3EB20059C9A6 /* InfoPlist.strings */,
			);
			name = "Supporting Files";
			sourceTree = "<group>";
		};
		C798BC7E1A3215C300532082 /* Coredata */ = {
			isa = PBXGroup;
			children = (
				C7A9832F1A1E7D2500FE4334 /* CoredataHelper.h */,
				C7A983301A1E7D2500FE4334 /* CoredataHelper.m */,
			);
			name = Coredata;
			sourceTree = "<group>";
		};
		C798BC7F1A32161900532082 /* CollectionView */ = {
			isa = PBXGroup;
			children = (
				C7A983321A1E80C700FE4334 /* MyCollectionViewController.h */,
				C7A983331A1E80C700FE4334 /* MyCollectionViewController.m */,
			);
			name = CollectionView;
			sourceTree = "<group>";
		};
		C7BFA3861A2BCC6C003871F2 /* CoreData */ = {
			isa = PBXGroup;
			children = (
				C7BFA3871A2BD56A003871F2 /* PictureDataTransformer.h */,
				C7BFA3881A2BD56A003871F2 /* PictureDataTransformer.m */,
				C7BFA3811A2BCBAF003871F2 /* Album.m */,
				C7BFA3831A2BCBAF003871F2 /* Photo.h */,
				C7BFA3841A2BCBAF003871F2 /* Photo.m */,
				C7BFA3801A2BCBAF003871F2 /* Album.h */,
			);
			name = CoreData;
			sourceTree = "<group>";
		};
/* End PBXGroup section */

/* Begin PBXNativeTarget section */
		C7052E041A1D3EB20059C9A6 /* CoredataSortingPhotos */ = {
			isa = PBXNativeTarget;
			buildConfigurationList = C7052E371A1D3EB20059C9A6 /* Build configuration list for PBXNativeTarget "CoredataSortingPhotos" */;
			buildPhases = (
				C7052E011A1D3EB20059C9A6 /* Sources */,
				C7052E021A1D3EB20059C9A6 /* Frameworks */,
				C7052E031A1D3EB20059C9A6 /* Resources */,
			);
			buildRules = (
			);
			dependencies = (
			);
			name = CoredataSortingPhotos;
			productName = CoredataSortingPhotos;
			productReference = C7052E051A1D3EB20059C9A6 /* CoredataSortingPhotos.app */;
			productType = "com.apple.product-type.application";
		};
		C7052E241A1D3EB20059C9A6 /* CoredataSortingPhotosTests */ = {
			isa = PBXNativeTarget;
			buildConfigurationList = C7052E3A1A1D3EB20059C9A6 /* Build configuration list for PBXNativeTarget "CoredataSortingPhotosTests" */;
			buildPhases = (
				C7052E211A1D3EB20059C9A6 /* Sources */,
				C7052E221A1D3EB20059C9A6 /* Frameworks */,
				C7052E231A1D3EB20059C9A6 /* Resources */,
			);
			buildRules = (
			);
			dependencies = (
				C7052E2C1A1D3EB20059C9A6 /* PBXTargetDependency */,
			);
			name = CoredataSortingPhotosTests;
			productName = CoredataSortingPhotosTests;
			productReference = C7052E251A1D3EB20059C9A6 /* CoredataSortingPhotosTests.xctest */;
			productType = "com.apple.product-type.bundle.unit-test";
		};
/* End PBXNativeTarget section */

/* Begin PBXProject section */
		C7052DFD1A1D3EB20059C9A6 /* Project object */ = {
			isa = PBXProject;
			attributes = {
				CLASSPREFIX = RW;
				LastUpgradeCheck = 0510;
				ORGANIZATIONNAME = "Rick Williams";
				TargetAttributes = {
					C7052E241A1D3EB20059C9A6 = {
						TestTargetID = C7052E041A1D3EB20059C9A6;
					};
				};
			};
			buildConfigurationList = C7052E001A1D3EB20059C9A6 /* Build configuration list for PBXProject "CoredataSortingPhotos" */;
			compatibilityVersion = "Xcode 3.2";
			developmentRegion = English;
			hasScannedForEncodings = 0;
			knownRegions = (
				en,
			);
			mainGroup = C7052DFC1A1D3EB20059C9A6;
			productRefGroup = C7052E061A1D3EB20059C9A6 /* Products */;
			projectDirPath = "";
			projectRoot = "";
			targets = (
				C7052E041A1D3EB20059C9A6 /* CoredataSortingPhotos */,
				C7052E241A1D3EB20059C9A6 /* CoredataSortingPhotosTests */,
			);
		};
/* End PBXProject section */

/* Begin PBXResourcesBuildPhase section */
		C7052E031A1D3EB20059C9A6 /* Resources */ = {
			isa = PBXResourcesBuildPhase;
			buildActionMask = 2147483647;
			files = (
				C7052E151A1D3EB20059C9A6 /* InfoPlist.strings in Resources */,
				C7DB7F011A1EF51200869922 /* Jamaica.jpg in Resources */,
				C7052E201A1D3EB20059C9A6 /* Images.xcassets in Resources */,
				C7052E3E1A1D40300059C9A6 /* Storyboard.storyboard in Resources */,
				C7A983391A1E8FAD00FE4334 /* Astronaut.jpg in Resources */,
			);
			runOnlyForDeploymentPostprocessing = 0;
		};
		C7052E231A1D3EB20059C9A6 /* Resources */ = {
			isa = PBXResourcesBuildPhase;
			buildActionMask = 2147483647;
			files = (
				C7052E321A1D3EB20059C9A6 /* InfoPlist.strings in Resources */,
			);
			runOnlyForDeploymentPostprocessing = 0;
		};
/* End PBXResourcesBuildPhase section */

/* Begin PBXSourcesBuildPhase section */
		C7052E011A1D3EB20059C9A6 /* Sources */ = {
			isa = PBXSourcesBuildPhase;
			buildActionMask = 2147483647;
			files = (
				C7BFA3891A2BD56A003871F2 /* PictureDataTransformer.m in Sources */,
				C7A9833C1A1EE0BB00FE4334 /* RWPhotoCollectionViewCell.m in Sources */,
				C7052E171A1D3EB20059C9A6 /* main.m in Sources */,
				C7052E411A1D4DA00059C9A6 /* AlbumTableViewController.m in Sources */,
				C7BFA3851A2BCBAF003871F2 /* Photo.m in Sources */,
				C7BFA3821A2BCBAF003871F2 /* Album.m in Sources */,
				C7A983311A1E7D2600FE4334 /* CoredataHelper.m in Sources */,
				C7052E1B1A1D3EB20059C9A6 /* RWAppDelegate.m in Sources */,
				C7A983341A1E80C700FE4334 /* MyCollectionViewController.m in Sources */,
				C7052E1E1A1D3EB20059C9A6 /* CoredataSortingPhotos.xcdatamodeld in Sources */,
				C78948B41A2D117100F84BC4 /* RWPhotoViewController.m in Sources */,
				C715A4291A30E6A200BA6C44 /* RWFiltersCollectionViewController.m in Sources */,
			);
			runOnlyForDeploymentPostprocessing = 0;
		};
		C7052E211A1D3EB20059C9A6 /* Sources */ = {
			isa = PBXSourcesBuildPhase;
			buildActionMask = 2147483647;
			files = (
				C7052E341A1D3EB20059C9A6 /* CoredataSortingPhotosTests.m in Sources */,
			);
			runOnlyForDeploymentPostprocessing = 0;
		};
/* End PBXSourcesBuildPhase section */

/* Begin PBXTargetDependency section */
		C7052E2C1A1D3EB20059C9A6 /* PBXTargetDependency */ = {
			isa = PBXTargetDependency;
			target = C7052E041A1D3EB20059C9A6 /* CoredataSortingPhotos */;
			targetProxy = C7052E2B1A1D3EB20059C9A6 /* PBXContainerItemProxy */;
		};
/* End PBXTargetDependency section */

/* Begin PBXVariantGroup section */
		C7052E131A1D3EB20059C9A6 /* InfoPlist.strings */ = {
			isa = PBXVariantGroup;
			children = (
				C7052E141A1D3EB20059C9A6 /* en */,
			);
			name = InfoPlist.strings;
			sourceTree = "<group>";
		};
		C7052E301A1D3EB20059C9A6 /* InfoPlist.strings */ = {
			isa = PBXVariantGroup;
			children = (
				C7052E311A1D3EB20059C9A6 /* en */,
			);
			name = InfoPlist.strings;
			sourceTree = "<group>";
		};
/* End PBXVariantGroup section */

/* Begin XCBuildConfiguration section */
		C7052E351A1D3EB20059C9A6 /* Debug */ = {
			isa = XCBuildConfiguration;
			buildSettings = {
				ALWAYS_SEARCH_USER_PATHS = NO;
				CLANG_CXX_LANGUAGE_STANDARD = "gnu++0x";
				CLANG_CXX_LIBRARY = "libc++";
				CLANG_ENABLE_MODULES = YES;
				CLANG_ENABLE_OBJC_ARC = YES;
				CLANG_WARN_BOOL_CONVERSION = YES;
				CLANG_WARN_CONSTANT_CONVERSION = YES;
				CLANG_WARN_DIRECT_OBJC_ISA_USAGE = YES_ERROR;
				CLANG_WARN_EMPTY_BODY = YES;
				CLANG_WARN_ENUM_CONVERSION = YES;
				CLANG_WARN_INT_CONVERSION = YES;
				CLANG_WARN_OBJC_ROOT_CLASS = YES_ERROR;
				CLANG_WARN__DUPLICATE_METHOD_MATCH = YES;
				"CODE_SIGN_IDENTITY[sdk=iphoneos*]" = "iPhone Developer";
				COPY_PHASE_STRIP = NO;
				GCC_C_LANGUAGE_STANDARD = gnu99;
				GCC_DYNAMIC_NO_PIC = NO;
				GCC_OPTIMIZATION_LEVEL = 0;
				GCC_PREPROCESSOR_DEFINITIONS = (
					"DEBUG=1",
					"$(inherited)",
				);
				GCC_SYMBOLS_PRIVATE_EXTERN = NO;
				GCC_WARN_64_TO_32_BIT_CONVERSION = YES;
				GCC_WARN_ABOUT_RETURN_TYPE = YES_ERROR;
				GCC_WARN_UNDECLARED_SELECTOR = YES;
				GCC_WARN_UNINITIALIZED_AUTOS = YES_AGGRESSIVE;
				GCC_WARN_UNUSED_FUNCTION = YES;
				GCC_WARN_UNUSED_VARIABLE = YES;
				IPHONEOS_DEPLOYMENT_TARGET = 7.1;
				ONLY_ACTIVE_ARCH = YES;
				SDKROOT = iphoneos;
			};
			name = Debug;
		};
		C7052E361A1D3EB20059C9A6 /* Release */ = {
			isa = XCBuildConfiguration;
			buildSettings = {
				ALWAYS_SEARCH_USER_PATHS = NO;
				CLANG_CXX_LANGUAGE_STANDARD = "gnu++0x";
				CLANG_CXX_LIBRARY = "libc++";
				CLANG_ENABLE_MODULES = YES;
				CLANG_ENABLE_OBJC_ARC = YES;
				CLANG_WARN_BOOL_CONVERSION = YES;
				CLANG_WARN_CONSTANT_CONVERSION = YES;
				CLANG_WARN_DIRECT_OBJC_ISA_USAGE = YES_ERROR;
				CLANG_WARN_EMPTY_BODY = YES;
				CLANG_WARN_ENUM_CONVERSION = YES;
				CLANG_WARN_INT_CONVERSION = YES;
				CLANG_WARN_OBJC_ROOT_CLASS = YES_ERROR;
				CLANG_WARN__DUPLICATE_METHOD_MATCH = YES;
				"CODE_SIGN_IDENTITY[sdk=iphoneos*]" = "iPhone Developer";
				COPY_PHASE_STRIP = YES;
				ENABLE_NS_ASSERTIONS = NO;
				GCC_C_LANGUAGE_STANDARD = gnu99;
				GCC_WARN_64_TO_32_BIT_CONVERSION = YES;
				GCC_WARN_ABOUT_RETURN_TYPE = YES_ERROR;
				GCC_WARN_UNDECLARED_SELECTOR = YES;
				GCC_WARN_UNINITIALIZED_AUTOS = YES_AGGRESSIVE;
				GCC_WARN_UNUSED_FUNCTION = YES;
				GCC_WARN_UNUSED_VARIABLE = YES;
				IPHONEOS_DEPLOYMENT_TARGET = 7.1;
				SDKROOT = iphoneos;
				VALIDATE_PRODUCT = YES;
			};
			name = Release;
		};
		C7052E381A1D3EB20059C9A6 /* Debug */ = {
			isa = XCBuildConfiguration;
			buildSettings = {
				ASSETCATALOG_COMPILER_APPICON_NAME = AppIcon;
				ASSETCATALOG_COMPILER_LAUNCHIMAGE_NAME = LaunchImage;
				GCC_PRECOMPILE_PREFIX_HEADER = YES;
				GCC_PREFIX_HEADER = "CoredataSortingPhotos/CoredataSortingPhotos-Prefix.pch";
				INFOPLIST_FILE = "CoredataSortingPhotos/CoredataSortingPhotos-Info.plist";
				PRODUCT_NAME = "$(TARGET_NAME)";
				WRAPPER_EXTENSION = app;
			};
			name = Debug;
		};
		C7052E391A1D3EB20059C9A6 /* Release */ = {
			isa = XCBuildConfiguration;
			buildSettings = {
				ASSETCATALOG_COMPILER_APPICON_NAME = AppIcon;
				ASSETCATALOG_COMPILER_LAUNCHIMAGE_NAME = LaunchImage;
				GCC_PRECOMPILE_PREFIX_HEADER = YES;
				GCC_PREFIX_HEADER = "CoredataSortingPhotos/CoredataSortingPhotos-Prefix.pch";
				INFOPLIST_FILE = "CoredataSortingPhotos/CoredataSortingPhotos-Info.plist";
				PRODUCT_NAME = "$(TARGET_NAME)";
				WRAPPER_EXTENSION = app;
			};
			name = Release;
		};
		C7052E3B1A1D3EB20059C9A6 /* Debug */ = {
			isa = XCBuildConfiguration;
			buildSettings = {
				BUNDLE_LOADER = "$(BUILT_PRODUCTS_DIR)/CoredataSortingPhotos.app/CoredataSortingPhotos";
				FRAMEWORK_SEARCH_PATHS = (
					"$(SDKROOT)/Developer/Library/Frameworks",
					"$(inherited)",
					"$(DEVELOPER_FRAMEWORKS_DIR)",
				);
				GCC_PRECOMPILE_PREFIX_HEADER = YES;
				GCC_PREFIX_HEADER = "CoredataSortingPhotos/CoredataSortingPhotos-Prefix.pch";
				GCC_PREPROCESSOR_DEFINITIONS = (
					"DEBUG=1",
					"$(inherited)",
				);
				INFOPLIST_FILE = "CoredataSortingPhotosTests/CoredataSortingPhotosTests-Info.plist";
				PRODUCT_NAME = "$(TARGET_NAME)";
				TEST_HOST = "$(BUNDLE_LOADER)";
				WRAPPER_EXTENSION = xctest;
			};
			name = Debug;
		};
		C7052E3C1A1D3EB20059C9A6 /* Release */ = {
			isa = XCBuildConfiguration;
			buildSettings = {
				BUNDLE_LOADER = "$(BUILT_PRODUCTS_DIR)/CoredataSortingPhotos.app/CoredataSortingPhotos";
				FRAMEWORK_SEARCH_PATHS = (
					"$(SDKROOT)/Developer/Library/Frameworks",
					"$(inherited)",
					"$(DEVELOPER_FRAMEWORKS_DIR)",
				);
				GCC_PRECOMPILE_PREFIX_HEADER = YES;
				GCC_PREFIX_HEADER = "CoredataSortingPhotos/CoredataSortingPhotos-Prefix.pch";
				INFOPLIST_FILE = "CoredataSortingPhotosTests/CoredataSortingPhotosTests-Info.plist";
				PRODUCT_NAME = "$(TARGET_NAME)";
				TEST_HOST = "$(BUNDLE_LOADER)";
				WRAPPER_EXTENSION = xctest;
			};
			name = Release;
		};
/* End XCBuildConfiguration section */

/* Begin XCConfigurationList section */
		C7052E001A1D3EB20059C9A6 /* Build configuration list for PBXProject "CoredataSortingPhotos" */ = {
			isa = XCConfigurationList;
			buildConfigurations = (
				C7052E351A1D3EB20059C9A6 /* Debug */,
				C7052E361A1D3EB20059C9A6 /* Release */,
			);
			defaultConfigurationIsVisible = 0;
			defaultConfigurationName = Release;
		};
		C7052E371A1D3EB20059C9A6 /* Build configuration list for PBXNativeTarget "CoredataSortingPhotos" */ = {
			isa = XCConfigurationList;
			buildConfigurations = (
				C7052E381A1D3EB20059C9A6 /* Debug */,
				C7052E391A1D3EB20059C9A6 /* Release */,
			);
			defaultConfigurationIsVisible = 0;
			defaultConfigurationName = Release;
		};
		C7052E3A1A1D3EB20059C9A6 /* Build configuration list for PBXNativeTarget "CoredataSortingPhotosTests" */ = {
			isa = XCConfigurationList;
			buildConfigurations = (
				C7052E3B1A1D3EB20059C9A6 /* Debug */,
				C7052E3C1A1D3EB20059C9A6 /* Release */,
			);
			defaultConfigurationIsVisible = 0;
			defaultConfigurationName = Release;
		};
/* End XCConfigurationList section */

/* Begin XCVersionGroup section */
		C7052E1C1A1D3EB20059C9A6 /* CoredataSortingPhotos.xcdatamodeld */ = {
			isa = XCVersionGroup;
			children = (
				C7052E1D1A1D3EB20059C9A6 /* CoredataSortingPhotos.xcdatamodel */,
			);
			currentVersion = C7052E1D1A1D3EB20059C9A6 /* CoredataSortingPhotos.xcdatamodel */;
			path = CoredataSortingPhotos.xcdatamodeld;
			sourceTree = "<group>";
			versionGroupType = wrapper.xcdatamodel;
		};
/* End XCVersionGroup section */
	};
	rootObject = C7052DFD1A1D3EB20059C9A6 /* Project object */;
}
